
Microsoft Visual Studio Solution File, Format Version 12.00
# Visual Studio 14
VisualStudioVersion = 14.0.25420.1
MinimumVisualStudioVersion = 10.0.40219.1
Project("{FAE04EC0-301F-11D3-BF4B-00C04F79EFBC}") = "Bookstore.WebApp", "Bookstore.WebApp\Bookstore.WebApp.csproj", "{0E133B81-B788-4A93-BB0A-172B274A3FD0}"
EndProject
Project("{FAE04EC0-301F-11D3-BF4B-00C04F79EFBC}") = "Bookstore.WebJob", "Bookstore.WebJob\Bookstore.WebJob.csproj", "{B8B9C153-6BC1-4C35-8882-D6BA4033F472}"
EndProject
Global
	GlobalSection(SolutionConfigurationPlatforms) = preSolution
		Debug|Any CPU = Debug|Any CPU
		Release|Any CPU = Release|Any CPU
	EndGlobalSection
	GlobalSection(ProjectConfigurationPlatforms) = postSolution
		{0E133B81-B788-4A93-BB0A-172B274A3FD0}.Debug|Any CPU.ActiveCfg = Debug|Any CPU
		{0E133B81-B788-4A93-BB0A-172B274A3FD0}.Debug|Any CPU.Build.0 = Debug|Any CPU
		{0E133B81-B788-4A93-BB0A-172B274A3FD0}.Release|Any CPU.ActiveCfg = Release|Any CPU
		{0E133B81-B788-4A93-BB0A-172B274A3FD0}.Release|Any CPU.Build.0 = Release|Any CPU
		{B8B9C153-6BC1-4C35-8882-D6BA4033F472}.Debug|Any CPU.ActiveCfg = Debug|Any CPU
		{B8B9C153-6BC1-4C35-8882-D6BA4033F472}.Debug|Any CPU.Build.0 = Debug|Any CPU
		{B8B9C153-6BC1-4C35-8882-D6BA4033F472}.Release|Any CPU.ActiveCfg = Release|Any CPU
		{B8B9C153-6BC1-4C35-8882-D6BA4033F472}.Release|Any CPU.Build.0 = Release|Any CPU
	EndGlobalSection
	GlobalSection(SolutionProperties) = preSolution
		HideSolutionNode = FALSE
	EndGlobalSection
EndGlobal
